
Microsoft Visual Studio Solution File, Format Version 12.00
# Visual Studio Version 17
VisualStudioVersion = 17.9.34701.34
MinimumVisualStudioVersion = 10.0.40219.1
Project("{9A19103F-16F7-4668-BE54-9A1E7A4F7556}") = "APISolution3", "APISolution3\APISolution3.csproj", "{885C58C8-7A2F-4DD3-BC1C-963088A06A6C}"
EndProject
Project("{9A19103F-16F7-4668-BE54-9A1E7A4F7556}") = "Services", "Services\Services.csproj", "{199DEFBE-629A-4300-B7B4-A829811106F5}"
EndProject
Project("{9A19103F-16F7-4668-BE54-9A1E7A4F7556}") = "Models", "Models\Models.csproj", "{7767CF59-294A-458E-8F30-A0FB367D32F4}"
EndProject
Project("{9A19103F-16F7-4668-BE54-9A1E7A4F7556}") = "DAL", "DAL\DAL.csproj", "{C144BDB7-ECBA-41E9-A05C-72CF8E4B3DC8}"
EndProject
Project("{9A19103F-16F7-4668-BE54-9A1E7A4F7556}") = "IRepository", "IRepository\IRepository.csproj", "{EAA3A7B2-3470-4CD3-B437-4F644B100C24}"
EndProject
Global
	GlobalSection(SolutionConfigurationPlatforms) = preSolution
		Debug|Any CPU = Debug|Any CPU
		Release|Any CPU = Release|Any CPU
	EndGlobalSection
	GlobalSection(ProjectConfigurationPlatforms) = postSolution
		{885C58C8-7A2F-4DD3-BC1C-963088A06A6C}.Debug|Any CPU.ActiveCfg = Debug|Any CPU
		{885C58C8-7A2F-4DD3-BC1C-963088A06A6C}.Debug|Any CPU.Build.0 = Debug|Any CPU
		{885C58C8-7A2F-4DD3-BC1C-963088A06A6C}.Release|Any CPU.ActiveCfg = Release|Any CPU
		{885C58C8-7A2F-4DD3-BC1C-963088A06A6C}.Release|Any CPU.Build.0 = Release|Any CPU
		{199DEFBE-629A-4300-B7B4-A829811106F5}.Debug|Any CPU.ActiveCfg = Debug|Any CPU
		{199DEFBE-629A-4300-B7B4-A829811106F5}.Debug|Any CPU.Build.0 = Debug|Any CPU
		{199DEFBE-629A-4300-B7B4-A829811106F5}.Release|Any CPU.ActiveCfg = Release|Any CPU
		{199DEFBE-629A-4300-B7B4-A829811106F5}.Release|Any CPU.Build.0 = Release|Any CPU
		{7767CF59-294A-458E-8F30-A0FB367D32F4}.Debug|Any CPU.ActiveCfg = Debug|Any CPU
		{7767CF59-294A-458E-8F30-A0FB367D32F4}.Debug|Any CPU.Build.0 = Debug|Any CPU
		{7767CF59-294A-458E-8F30-A0FB367D32F4}.Release|Any CPU.ActiveCfg = Release|Any CPU
		{7767CF59-294A-458E-8F30-A0FB367D32F4}.Release|Any CPU.Build.0 = Release|Any CPU
		{C144BDB7-ECBA-41E9-A05C-72CF8E4B3DC8}.Debug|Any CPU.ActiveCfg = Debug|Any CPU
		{C144BDB7-ECBA-41E9-A05C-72CF8E4B3DC8}.Debug|Any CPU.Build.0 = Debug|Any CPU
		{C144BDB7-ECBA-41E9-A05C-72CF8E4B3DC8}.Release|Any CPU.ActiveCfg = Release|Any CPU
		{C144BDB7-ECBA-41E9-A05C-72CF8E4B3DC8}.Release|Any CPU.Build.0 = Release|Any CPU
		{EAA3A7B2-3470-4CD3-B437-4F644B100C24}.Debug|Any CPU.ActiveCfg = Debug|Any CPU
		{EAA3A7B2-3470-4CD3-B437-4F644B100C24}.Debug|Any CPU.Build.0 = Debug|Any CPU
		{EAA3A7B2-3470-4CD3-B437-4F644B100C24}.Release|Any CPU.ActiveCfg = Release|Any CPU
		{EAA3A7B2-3470-4CD3-B437-4F644B100C24}.Release|Any CPU.Build.0 = Release|Any CPU
	EndGlobalSection
	GlobalSection(SolutionProperties) = preSolution
		HideSolutionNode = FALSE
	EndGlobalSection
	GlobalSection(ExtensibilityGlobals) = postSolution
		SolutionGuid = {EC0E11ED-DF23-420D-A64C-8250839AC29D}
	EndGlobalSection
EndGlobal
